
Microsoft Visual Studio Solution File, Format Version 12.00
# Visual Studio Version 17
VisualStudioVersion = 17.7.34024.191
MinimumVisualStudioVersion = 10.0.40219.1
Project("{9A19103F-16F7-4668-BE54-9A1E7A4F7556}") = "SistemaDoLeo", "SistemaDoLeo\SistemaDoLeo\SistemaDoLeo.csproj", "{FE692C19-4305-4CBD-849B-021C56F92246}"
EndProject
Project("{FAE04EC0-301F-11D3-BF4B-00C04F79EFBC}") = "SistemaDoLeo.Android", "SistemaDoLeo\SistemaDoLeo.Android\SistemaDoLeo.Android.csproj", "{0B69037A-E604-4F0B-BDBE-1C909212FF3E}"
	ProjectSection(ProjectDependencies) = postProject
		{FE692C19-4305-4CBD-849B-021C56F92246} = {FE692C19-4305-4CBD-849B-021C56F92246}
	EndProjectSection
EndProject
Project("{D954291E-2A0B-460D-934E-DC6B0785DB48}") = "SistemaDoLeo.Modelos", "SistemaDoLeo.Modelos\SistemaDoLeo.Modelos.shproj", "{1ED29E6E-5EF5-462B-B069-EC6035C55183}"
EndProject
Project("{9A19103F-16F7-4668-BE54-9A1E7A4F7556}") = "SistemaDoLeo.Api", "SistemaDoLeo.Api\SistemaDoLeo.Api.csproj", "{4ED664A9-915D-4162-BDB2-120B2A5ECDFE}"
EndProject
Global
	GlobalSection(SolutionConfigurationPlatforms) = preSolution
		Debug|Any CPU = Debug|Any CPU
		Release|Any CPU = Release|Any CPU
	EndGlobalSection
	GlobalSection(ProjectConfigurationPlatforms) = postSolution
		{FE692C19-4305-4CBD-849B-021C56F92246}.Debug|Any CPU.ActiveCfg = Debug|Any CPU
		{FE692C19-4305-4CBD-849B-021C56F92246}.Debug|Any CPU.Build.0 = Debug|Any CPU
		{FE692C19-4305-4CBD-849B-021C56F92246}.Release|Any CPU.ActiveCfg = Release|Any CPU
		{FE692C19-4305-4CBD-849B-021C56F92246}.Release|Any CPU.Build.0 = Release|Any CPU
		{0B69037A-E604-4F0B-BDBE-1C909212FF3E}.Debug|Any CPU.ActiveCfg = Debug|Any CPU
		{0B69037A-E604-4F0B-BDBE-1C909212FF3E}.Debug|Any CPU.Build.0 = Debug|Any CPU
		{0B69037A-E604-4F0B-BDBE-1C909212FF3E}.Debug|Any CPU.Deploy.0 = Debug|Any CPU
		{0B69037A-E604-4F0B-BDBE-1C909212FF3E}.Release|Any CPU.ActiveCfg = Release|Any CPU
		{0B69037A-E604-4F0B-BDBE-1C909212FF3E}.Release|Any CPU.Build.0 = Release|Any CPU
		{0B69037A-E604-4F0B-BDBE-1C909212FF3E}.Release|Any CPU.Deploy.0 = Release|Any CPU
		{4ED664A9-915D-4162-BDB2-120B2A5ECDFE}.Debug|Any CPU.ActiveCfg = Debug|Any CPU
		{4ED664A9-915D-4162-BDB2-120B2A5ECDFE}.Debug|Any CPU.Build.0 = Debug|Any CPU
		{4ED664A9-915D-4162-BDB2-120B2A5ECDFE}.Release|Any CPU.ActiveCfg = Release|Any CPU
		{4ED664A9-915D-4162-BDB2-120B2A5ECDFE}.Release|Any CPU.Build.0 = Release|Any CPU
	EndGlobalSection
	GlobalSection(SolutionProperties) = preSolution
		HideSolutionNode = FALSE
	EndGlobalSection
	GlobalSection(ExtensibilityGlobals) = postSolution
		SolutionGuid = {23F69754-9F38-4AE6-AC7E-973EB05370CA}
	EndGlobalSection
	GlobalSection(SharedMSBuildProjectFiles) = preSolution
		SistemaDoLeo.Modelos\SistemaDoLeo.Modelos.projitems*{1ed29e6e-5ef5-462b-b069-ec6035c55183}*SharedItemsImports = 13
		SistemaDoLeo.Modelos\SistemaDoLeo.Modelos.projitems*{4ed664a9-915d-4162-bdb2-120b2a5ecdfe}*SharedItemsImports = 5
		SistemaDoLeo.Modelos\SistemaDoLeo.Modelos.projitems*{fe692c19-4305-4cbd-849b-021c56f92246}*SharedItemsImports = 5
	EndGlobalSection
EndGlobal
