
Microsoft Visual Studio Solution File, Format Version 12.00
# Visual Studio Version 17
VisualStudioVersion = 17.7.34024.191
MinimumVisualStudioVersion = 10.0.40219.1
Project("{FAE04EC0-301F-11D3-BF4B-00C04F79EFBC}") = "SistemaDoLeo.Android", "SistemaDoLeo\SistemaDoLeo.Android\SistemaDoLeo.Android.csproj", "{0B69037A-E604-4F0B-BDBE-1C909212FF3E}"
EndProject
Project("{9A19103F-16F7-4668-BE54-9A1E7A4F7556}") = "SistemaDoLeo", "SistemaDoLeo\SistemaDoLeo\SistemaDoLeo.csproj", "{A154BEE6-2F67-4CC2-9EC6-03DA48C9E76E}"
EndProject
Project("{9A19103F-16F7-4668-BE54-9A1E7A4F7556}") = "XamarinAPI", "..\API\XamarinAPI\XamarinAPI.csproj", "{0AFAA8C3-6CFD-4A43-9648-8B403275E68E}"
EndProject
Global
	GlobalSection(SolutionConfigurationPlatforms) = preSolution
		Debug|Any CPU = Debug|Any CPU
		Debug|iPhone = Debug|iPhone
		Debug|iPhoneSimulator = Debug|iPhoneSimulator
		Release|Any CPU = Release|Any CPU
		Release|iPhone = Release|iPhone
		Release|iPhoneSimulator = Release|iPhoneSimulator
	EndGlobalSection
	GlobalSection(ProjectConfigurationPlatforms) = postSolution
		{0B69037A-E604-4F0B-BDBE-1C909212FF3E}.Debug|Any CPU.ActiveCfg = Debug|Any CPU
		{0B69037A-E604-4F0B-BDBE-1C909212FF3E}.Debug|Any CPU.Build.0 = Debug|Any CPU
		{0B69037A-E604-4F0B-BDBE-1C909212FF3E}.Debug|Any CPU.Deploy.0 = Debug|Any CPU
		{0B69037A-E604-4F0B-BDBE-1C909212FF3E}.Debug|iPhone.ActiveCfg = Debug|Any CPU
		{0B69037A-E604-4F0B-BDBE-1C909212FF3E}.Debug|iPhone.Build.0 = Debug|Any CPU
		{0B69037A-E604-4F0B-BDBE-1C909212FF3E}.Debug|iPhone.Deploy.0 = Debug|Any CPU
		{0B69037A-E604-4F0B-BDBE-1C909212FF3E}.Debug|iPhoneSimulator.ActiveCfg = Debug|Any CPU
		{0B69037A-E604-4F0B-BDBE-1C909212FF3E}.Debug|iPhoneSimulator.Build.0 = Debug|Any CPU
		{0B69037A-E604-4F0B-BDBE-1C909212FF3E}.Debug|iPhoneSimulator.Deploy.0 = Debug|Any CPU
		{0B69037A-E604-4F0B-BDBE-1C909212FF3E}.Release|Any CPU.ActiveCfg = Release|Any CPU
		{0B69037A-E604-4F0B-BDBE-1C909212FF3E}.Release|Any CPU.Build.0 = Release|Any CPU
		{0B69037A-E604-4F0B-BDBE-1C909212FF3E}.Release|Any CPU.Deploy.0 = Release|Any CPU
		{0B69037A-E604-4F0B-BDBE-1C909212FF3E}.Release|iPhone.ActiveCfg = Release|Any CPU
		{0B69037A-E604-4F0B-BDBE-1C909212FF3E}.Release|iPhone.Build.0 = Release|Any CPU
		{0B69037A-E604-4F0B-BDBE-1C909212FF3E}.Release|iPhone.Deploy.0 = Release|Any CPU
		{0B69037A-E604-4F0B-BDBE-1C909212FF3E}.Release|iPhoneSimulator.ActiveCfg = Release|Any CPU
		{0B69037A-E604-4F0B-BDBE-1C909212FF3E}.Release|iPhoneSimulator.Build.0 = Release|Any CPU
		{0B69037A-E604-4F0B-BDBE-1C909212FF3E}.Release|iPhoneSimulator.Deploy.0 = Release|Any CPU
		{A154BEE6-2F67-4CC2-9EC6-03DA48C9E76E}.Debug|Any CPU.ActiveCfg = Debug|Any CPU
		{A154BEE6-2F67-4CC2-9EC6-03DA48C9E76E}.Debug|Any CPU.Build.0 = Debug|Any CPU
		{A154BEE6-2F67-4CC2-9EC6-03DA48C9E76E}.Debug|Any CPU.Deploy.0 = Debug|Any CPU
		{A154BEE6-2F67-4CC2-9EC6-03DA48C9E76E}.Debug|iPhone.ActiveCfg = Debug|Any CPU
		{A154BEE6-2F67-4CC2-9EC6-03DA48C9E76E}.Debug|iPhone.Build.0 = Debug|Any CPU
		{A154BEE6-2F67-4CC2-9EC6-03DA48C9E76E}.Debug|iPhone.Deploy.0 = Debug|Any CPU
		{A154BEE6-2F67-4CC2-9EC6-03DA48C9E76E}.Debug|iPhoneSimulator.ActiveCfg = Debug|Any CPU
		{A154BEE6-2F67-4CC2-9EC6-03DA48C9E76E}.Debug|iPhoneSimulator.Build.0 = Debug|Any CPU
		{A154BEE6-2F67-4CC2-9EC6-03DA48C9E76E}.Debug|iPhoneSimulator.Deploy.0 = Debug|Any CPU
		{A154BEE6-2F67-4CC2-9EC6-03DA48C9E76E}.Release|Any CPU.ActiveCfg = Release|Any CPU
		{A154BEE6-2F67-4CC2-9EC6-03DA48C9E76E}.Release|Any CPU.Build.0 = Release|Any CPU
		{A154BEE6-2F67-4CC2-9EC6-03DA48C9E76E}.Release|Any CPU.Deploy.0 = Release|Any CPU
		{A154BEE6-2F67-4CC2-9EC6-03DA48C9E76E}.Release|iPhone.ActiveCfg = Release|Any CPU
		{A154BEE6-2F67-4CC2-9EC6-03DA48C9E76E}.Release|iPhone.Build.0 = Release|Any CPU
		{A154BEE6-2F67-4CC2-9EC6-03DA48C9E76E}.Release|iPhone.Deploy.0 = Release|Any CPU
		{A154BEE6-2F67-4CC2-9EC6-03DA48C9E76E}.Release|iPhoneSimulator.ActiveCfg = Release|Any CPU
		{A154BEE6-2F67-4CC2-9EC6-03DA48C9E76E}.Release|iPhoneSimulator.Build.0 = Release|Any CPU
		{A154BEE6-2F67-4CC2-9EC6-03DA48C9E76E}.Release|iPhoneSimulator.Deploy.0 = Release|Any CPU
		{0AFAA8C3-6CFD-4A43-9648-8B403275E68E}.Debug|Any CPU.ActiveCfg = Debug|Any CPU
		{0AFAA8C3-6CFD-4A43-9648-8B403275E68E}.Debug|Any CPU.Build.0 = Debug|Any CPU
		{0AFAA8C3-6CFD-4A43-9648-8B403275E68E}.Debug|iPhone.ActiveCfg = Debug|Any CPU
		{0AFAA8C3-6CFD-4A43-9648-8B403275E68E}.Debug|iPhone.Build.0 = Debug|Any CPU
		{0AFAA8C3-6CFD-4A43-9648-8B403275E68E}.Debug|iPhoneSimulator.ActiveCfg = Debug|Any CPU
		{0AFAA8C3-6CFD-4A43-9648-8B403275E68E}.Debug|iPhoneSimulator.Build.0 = Debug|Any CPU
		{0AFAA8C3-6CFD-4A43-9648-8B403275E68E}.Release|Any CPU.ActiveCfg = Release|Any CPU
		{0AFAA8C3-6CFD-4A43-9648-8B403275E68E}.Release|Any CPU.Build.0 = Release|Any CPU
		{0AFAA8C3-6CFD-4A43-9648-8B403275E68E}.Release|iPhone.ActiveCfg = Release|Any CPU
		{0AFAA8C3-6CFD-4A43-9648-8B403275E68E}.Release|iPhone.Build.0 = Release|Any CPU
		{0AFAA8C3-6CFD-4A43-9648-8B403275E68E}.Release|iPhoneSimulator.ActiveCfg = Release|Any CPU
		{0AFAA8C3-6CFD-4A43-9648-8B403275E68E}.Release|iPhoneSimulator.Build.0 = Release|Any CPU
	EndGlobalSection
	GlobalSection(SolutionProperties) = preSolution
		HideSolutionNode = FALSE
	EndGlobalSection
	GlobalSection(ExtensibilityGlobals) = postSolution
		SolutionGuid = {23F69754-9F38-4AE6-AC7E-973EB05370CA}
	EndGlobalSection
EndGlobal
